
Microsoft Visual Studio Solution File, Format Version 12.00
# Visual Studio 2013
VisualStudioVersion = 12.0.21005.1
MinimumVisualStudioVersion = 10.0.40219.1
Project("{FAE04EC0-301F-11D3-BF4B-00C04F79EFBC}") = "BarcodePrinter", "BarcodePrinter\BarcodePrinter.csproj", "{21A1BFE5-6FD6-4FF8-9019-D77A991E3B29}"
EndProject
Project("{FAE04EC0-301F-11D3-BF4B-00C04F79EFBC}") = "PhotoGraph", "PhotoGraph\PhotoGraph.csproj", "{2167C804-3BED-43DB-90EA-969EB48ACFBA}"
EndProject
Project("{FAE04EC0-301F-11D3-BF4B-00C04F79EFBC}") = "UploadBtData", "UploadBtData\UploadBtData.csproj", "{760AA7B2-C029-410D-896A-E074BC7786F1}"
EndProject
Global
	GlobalSection(SolutionConfigurationPlatforms) = preSolution
		Debug|x86 = Debug|x86
		Release|x86 = Release|x86
	EndGlobalSection
	GlobalSection(ProjectConfigurationPlatforms) = postSolution
		{21A1BFE5-6FD6-4FF8-9019-D77A991E3B29}.Debug|x86.ActiveCfg = Debug|x86
		{21A1BFE5-6FD6-4FF8-9019-D77A991E3B29}.Debug|x86.Build.0 = Debug|x86
		{21A1BFE5-6FD6-4FF8-9019-D77A991E3B29}.Release|x86.ActiveCfg = Release|x86
		{21A1BFE5-6FD6-4FF8-9019-D77A991E3B29}.Release|x86.Build.0 = Release|x86
		{2167C804-3BED-43DB-90EA-969EB48ACFBA}.Debug|x86.ActiveCfg = Debug|x86
		{2167C804-3BED-43DB-90EA-969EB48ACFBA}.Debug|x86.Build.0 = Debug|x86
		{2167C804-3BED-43DB-90EA-969EB48ACFBA}.Release|x86.ActiveCfg = Release|x86
		{2167C804-3BED-43DB-90EA-969EB48ACFBA}.Release|x86.Build.0 = Release|x86
		{760AA7B2-C029-410D-896A-E074BC7786F1}.Debug|x86.ActiveCfg = Debug|x86
		{760AA7B2-C029-410D-896A-E074BC7786F1}.Debug|x86.Build.0 = Debug|x86
		{760AA7B2-C029-410D-896A-E074BC7786F1}.Release|x86.ActiveCfg = Release|x86
		{760AA7B2-C029-410D-896A-E074BC7786F1}.Release|x86.Build.0 = Release|x86
	EndGlobalSection
	GlobalSection(SolutionProperties) = preSolution
		HideSolutionNode = FALSE
	EndGlobalSection
EndGlobal
